
Microsoft Visual Studio Solution File, Format Version 12.00
# Visual Studio Version 17
VisualStudioVersion = 17.13.35919.96 d17.13
MinimumVisualStudioVersion = 10.0.40219.1
Project("{FAE04EC0-301F-11D3-BF4B-00C04F79EFBC}") = "ConsoleApp_PoC", "ConsoleApp_PoC.csproj", "{AC830C32-43C4-4376-8B8A-DEC4C1415759}"
EndProject
Global
	GlobalSection(SolutionConfigurationPlatforms) = preSolution
		Debug|Any CPU = Debug|Any CPU
		Release|Any CPU = Release|Any CPU
	EndGlobalSection
	GlobalSection(ProjectConfigurationPlatforms) = postSolution
		{AC830C32-43C4-4376-8B8A-DEC4C1415759}.Debug|Any CPU.ActiveCfg = Debug|Any CPU
		{AC830C32-43C4-4376-8B8A-DEC4C1415759}.Debug|Any CPU.Build.0 = Debug|Any CPU
		{AC830C32-43C4-4376-8B8A-DEC4C1415759}.Release|Any CPU.ActiveCfg = Release|Any CPU
		{AC830C32-43C4-4376-8B8A-DEC4C1415759}.Release|Any CPU.Build.0 = Release|Any CPU
	EndGlobalSection
	GlobalSection(SolutionProperties) = preSolution
		HideSolutionNode = FALSE
	EndGlobalSection
	GlobalSection(ExtensibilityGlobals) = postSolution
		SolutionGuid = {AFFC9319-95E4-4977-9547-61DC1B29C9E1}
	EndGlobalSection
EndGlobal
